
Microsoft Visual Studio Solution File, Format Version 12.00
# Visual Studio 15
VisualStudioVersion = 15.0.27703.2026
MinimumVisualStudioVersion = 10.0.40219.1
Project("{FAE04EC0-301F-11D3-BF4B-00C04F79EFBC}") = "HeavenThrottler", "HeavenThrottler\HeavenThrottler.csproj", "{5EF418B7-E695-4FED-8D13-96592556D899}"
EndProject
Project("{FAE04EC0-301F-11D3-BF4B-00C04F79EFBC}") = "HeavenSchema", "HeavenSchema\HeavenSchema.csproj", "{7AB97847-DF9E-4AB7-BDAF-8283E7186199}"
EndProject
Project("{FAE04EC0-301F-11D3-BF4B-00C04F79EFBC}") = "EventGenerator", "EventGenerator\EventGenerator.csproj", "{832CC5FC-F44C-47BF-8E73-A2A772B6316B}"
EndProject
Project("{FAE04EC0-301F-11D3-BF4B-00C04F79EFBC}") = "FunctionApp", "FunctionApp\FunctionApp.csproj", "{1166CECA-9493-4564-945C-8DF889459AFE}"
EndProject
Project("{FAE04EC0-301F-11D3-BF4B-00C04F79EFBC}") = "FunctionApp1", "FunctionApp1\FunctionApp1.csproj", "{0D4B00D6-7E64-4360-9259-7C7582424B02}"
EndProject
Global
	GlobalSection(SolutionConfigurationPlatforms) = preSolution
		Debug|Any CPU = Debug|Any CPU
		Release|Any CPU = Release|Any CPU
	EndGlobalSection
	GlobalSection(ProjectConfigurationPlatforms) = postSolution
		{5EF418B7-E695-4FED-8D13-96592556D899}.Debug|Any CPU.ActiveCfg = Debug|Any CPU
		{5EF418B7-E695-4FED-8D13-96592556D899}.Debug|Any CPU.Build.0 = Debug|Any CPU
		{5EF418B7-E695-4FED-8D13-96592556D899}.Release|Any CPU.ActiveCfg = Release|Any CPU
		{5EF418B7-E695-4FED-8D13-96592556D899}.Release|Any CPU.Build.0 = Release|Any CPU
		{7AB97847-DF9E-4AB7-BDAF-8283E7186199}.Debug|Any CPU.ActiveCfg = Debug|Any CPU
		{7AB97847-DF9E-4AB7-BDAF-8283E7186199}.Debug|Any CPU.Build.0 = Debug|Any CPU
		{7AB97847-DF9E-4AB7-BDAF-8283E7186199}.Release|Any CPU.ActiveCfg = Release|Any CPU
		{7AB97847-DF9E-4AB7-BDAF-8283E7186199}.Release|Any CPU.Build.0 = Release|Any CPU
		{832CC5FC-F44C-47BF-8E73-A2A772B6316B}.Debug|Any CPU.ActiveCfg = Debug|Any CPU
		{832CC5FC-F44C-47BF-8E73-A2A772B6316B}.Debug|Any CPU.Build.0 = Debug|Any CPU
		{832CC5FC-F44C-47BF-8E73-A2A772B6316B}.Release|Any CPU.ActiveCfg = Release|Any CPU
		{832CC5FC-F44C-47BF-8E73-A2A772B6316B}.Release|Any CPU.Build.0 = Release|Any CPU
		{1166CECA-9493-4564-945C-8DF889459AFE}.Debug|Any CPU.ActiveCfg = Debug|Any CPU
		{1166CECA-9493-4564-945C-8DF889459AFE}.Debug|Any CPU.Build.0 = Debug|Any CPU
		{1166CECA-9493-4564-945C-8DF889459AFE}.Release|Any CPU.ActiveCfg = Release|Any CPU
		{1166CECA-9493-4564-945C-8DF889459AFE}.Release|Any CPU.Build.0 = Release|Any CPU
		{0D4B00D6-7E64-4360-9259-7C7582424B02}.Debug|Any CPU.ActiveCfg = Debug|Any CPU
		{0D4B00D6-7E64-4360-9259-7C7582424B02}.Debug|Any CPU.Build.0 = Debug|Any CPU
		{0D4B00D6-7E64-4360-9259-7C7582424B02}.Release|Any CPU.ActiveCfg = Release|Any CPU
		{0D4B00D6-7E64-4360-9259-7C7582424B02}.Release|Any CPU.Build.0 = Release|Any CPU
	EndGlobalSection
	GlobalSection(SolutionProperties) = preSolution
		HideSolutionNode = FALSE
	EndGlobalSection
	GlobalSection(ExtensibilityGlobals) = postSolution
		SolutionGuid = {C3D05079-C5A2-4858-9523-3D72F4193B83}
	EndGlobalSection
EndGlobal
